
Microsoft Visual Studio Solution File, Format Version 12.00
# Visual Studio Version 16
VisualStudioVersion = 16.0.29911.84
MinimumVisualStudioVersion = 10.0.40219.1
Project("{FAE04EC0-301F-11D3-BF4B-00C04F79EFBC}") = "Lab8MSSM", "Lab8MSSM\Lab8MSSM.csproj", "{5C734CE1-B2F4-481D-BCF2-7D4239C11951}"
EndProject
Global
	GlobalSection(SolutionConfigurationPlatforms) = preSolution
		Debug|Any CPU = Debug|Any CPU
		Release|Any CPU = Release|Any CPU
	EndGlobalSection
	GlobalSection(ProjectConfigurationPlatforms) = postSolution
		{5C734CE1-B2F4-481D-BCF2-7D4239C11951}.Debug|Any CPU.ActiveCfg = Debug|Any CPU
		{5C734CE1-B2F4-481D-BCF2-7D4239C11951}.Debug|Any CPU.Build.0 = Debug|Any CPU
		{5C734CE1-B2F4-481D-BCF2-7D4239C11951}.Release|Any CPU.ActiveCfg = Release|Any CPU
		{5C734CE1-B2F4-481D-BCF2-7D4239C11951}.Release|Any CPU.Build.0 = Release|Any CPU
	EndGlobalSection
	GlobalSection(SolutionProperties) = preSolution
		HideSolutionNode = FALSE
	EndGlobalSection
	GlobalSection(ExtensibilityGlobals) = postSolution
		SolutionGuid = {560B4FAE-8B6D-4A10-BCE0-E0EA77761F73}
	EndGlobalSection
EndGlobal
